; packaging/sdl3.lock: the only place an SDL version is written.
;
; floor:  the oldest release that builds. The opam probes, check_sdl3_conf
;         and every binding test read it; a test fails when a probe's
;         --atleast-version disagrees.
; tested: the release the qualification aliases last passed on. Information
;         for a bug report; it gates nothing. `dune exec tools/sdl3/bump.exe`
;         rewrites it.
((sdl3       (floor 3.4.18) (tested 3.4.18))
 (sdl3_image (floor 3.4.4)  (tested 3.4.6))
 (sdl3_ttf   (floor 3.2.2)  (tested 3.2.2))
 (sdl3_mixer (floor 3.2.4)  (tested 3.2.4)))
